// !$*UTF8*$!
{
	archiveVersion = 1;
	classes = {
	};
	objectVersion = 55;
	objects = {

/* Begin PBXBuildFile section */
		8B730398268FAF75003D2DB1 /* Model.swift in Sources */ = {isa = PBXBuildFile; fileRef = 8B730397268FAF75003D2DB1 /* Model.swift */; };
		8B73B674267BE07B00D44508 /* StoriesPlusApp.swift in Sources */ = {isa = PBXBuildFile; fileRef = 8B73B673267BE07B00D44508 /* StoriesPlusApp.swift */; };
		8B73B676267BE07B00D44508 /* ContentView.swift in Sources */ = {isa = PBXBuildFile; fileRef = 8B73B675267BE07B00D44508 /* ContentView.swift */; };
		8B73B678267BE07C00D44508 /* Assets.xcassets in Resources */ = {isa = PBXBuildFile; fileRef = 8B73B677267BE07C00D44508 /* Assets.xcassets */; };
		8B73B67B267BE07C00D44508 /* Preview Assets.xcassets in Resources */ = {isa = PBXBuildFile; fileRef = 8B73B67A267BE07C00D44508 /* Preview Assets.xcassets */; };
		8BA8479B268E2A9B00A51DF1 /* CardView.swift in Sources */ = {isa = PBXBuildFile; fileRef = 8BA8479A268E2A9B00A51DF1 /* CardView.swift */; };
		8BA8479D268E352C00A51DF1 /* CardsMainView.swift in Sources */ = {isa = PBXBuildFile; fileRef = 8BA8479C268E352B00A51DF1 /* CardsMainView.swift */; };
		8BA8479F268E3D3000A51DF1 /* ButtonsView.swift in Sources */ = {isa = PBXBuildFile; fileRef = 8BA8479E268E3D3000A51DF1 /* ButtonsView.swift */; };
		8BAADEF226924A650087C141 /*  MiddleView.swift in Sources */ = {isa = PBXBuildFile; fileRef = 8BAADEF126924A650087C141 /*  MiddleView.swift */; };
		8BC994CF2690D01700AE2FF2 /* MainDetailView.swift in Sources */ = {isa = PBXBuildFile; fileRef = 8BC994CE2690D01700AE2FF2 /* MainDetailView.swift */; };
		8BC994D12690D3EE00AE2FF2 /* PagingView.swift in Sources */ = {isa = PBXBuildFile; fileRef = 8BC994D02690D3EE00AE2FF2 /* PagingView.swift */; };
/* End PBXBuildFile section */

/* Begin PBXFileReference section */
		8B730397268FAF75003D2DB1 /* Model.swift */ = {isa = PBXFileReference; lastKnownFileType = sourcecode.swift; path = Model.swift; sourceTree = "<group>"; };
		8B73B670267BE07B00D44508 /* StoriesPlus.app */ = {isa = PBXFileReference; explicitFileType = wrapper.application; includeInIndex = 0; path = StoriesPlus.app; sourceTree = BUILT_PRODUCTS_DIR; };
		8B73B673267BE07B00D44508 /* StoriesPlusApp.swift */ = {isa = PBXFileReference; lastKnownFileType = sourcecode.swift; path = StoriesPlusApp.swift; sourceTree = "<group>"; };
		8B73B675267BE07B00D44508 /* ContentView.swift */ = {isa = PBXFileReference; lastKnownFileType = sourcecode.swift; path = ContentView.swift; sourceTree = "<group>"; };
		8B73B677267BE07C00D44508 /* Assets.xcassets */ = {isa = PBXFileReference; lastKnownFileType = folder.assetcatalog; path = Assets.xcassets; sourceTree = "<group>"; };
		8B73B67A267BE07C00D44508 /* Preview Assets.xcassets */ = {isa = PBXFileReference; lastKnownFileType = folder.assetcatalog; path = "Preview Assets.xcassets"; sourceTree = "<group>"; };
		8BA8479A268E2A9B00A51DF1 /* CardView.swift */ = {isa = PBXFileReference; lastKnownFileType = sourcecode.swift; path = CardView.swift; sourceTree = "<group>"; };
		8BA8479C268E352B00A51DF1 /* CardsMainView.swift */ = {isa = PBXFileReference; lastKnownFileType = sourcecode.swift; path = CardsMainView.swift; sourceTree = "<group>"; };
		8BA8479E268E3D3000A51DF1 /* ButtonsView.swift */ = {isa = PBXFileReference; lastKnownFileType = sourcecode.swift; path = ButtonsView.swift; sourceTree = "<group>"; };
		8BAADEF126924A650087C141 /*  MiddleView.swift */ = {isa = PBXFileReference; lastKnownFileType = sourcecode.swift; path = " MiddleView.swift"; sourceTree = "<group>"; };
		8BC994CE2690D01700AE2FF2 /* MainDetailView.swift */ = {isa = PBXFileReference; lastKnownFileType = sourcecode.swift; path = MainDetailView.swift; sourceTree = "<group>"; };
		8BC994D02690D3EE00AE2FF2 /* PagingView.swift */ = {isa = PBXFileReference; lastKnownFileType = sourcecode.swift; path = PagingView.swift; sourceTree = "<group>"; };
/* End PBXFileReference section */

/* Begin PBXFrameworksBuildPhase section */
		8B73B66D267BE07B00D44508 /* Frameworks */ = {
			isa = PBXFrameworksBuildPhase;
			buildActionMask = 2147483647;
			files = (
			);
			runOnlyForDeploymentPostprocessing = 0;
		};
/* End PBXFrameworksBuildPhase section */

/* Begin PBXGroup section */
		8B73B667267BE07B00D44508 = {
			isa = PBXGroup;
			children = (
				8B73B672267BE07B00D44508 /* StoriesPlus */,
				8B73B671267BE07B00D44508 /* Products */,
			);
			sourceTree = "<group>";
		};
		8B73B671267BE07B00D44508 /* Products */ = {
			isa = PBXGroup;
			children = (
				8B73B670267BE07B00D44508 /* StoriesPlus.app */,
			);
			name = Products;
			sourceTree = "<group>";
		};
		8B73B672267BE07B00D44508 /* StoriesPlus */ = {
			isa = PBXGroup;
			children = (
				8B73B673267BE07B00D44508 /* StoriesPlusApp.swift */,
				8B73B675267BE07B00D44508 /* ContentView.swift */,
				8BA84799268E21A800A51DF1 /* Model */,
				8BA84797268E218D00A51DF1 /* Views */,
				8B73B677267BE07C00D44508 /* Assets.xcassets */,
				8B73B679267BE07C00D44508 /* Preview Content */,
			);
			path = StoriesPlus;
			sourceTree = "<group>";
		};
		8B73B679267BE07C00D44508 /* Preview Content */ = {
			isa = PBXGroup;
			children = (
				8B73B67A267BE07C00D44508 /* Preview Assets.xcassets */,
			);
			path = "Preview Content";
			sourceTree = "<group>";
		};
		8BA84797268E218D00A51DF1 /* Views */ = {
			isa = PBXGroup;
			children = (
				8BC994CD2690D00000AE2FF2 /* DetailViews */,
				8BC994CC2690CFD100AE2FF2 /*  HomeViews */,
			);
			path = Views;
			sourceTree = "<group>";
		};
		8BA84799268E21A800A51DF1 /* Model */ = {
			isa = PBXGroup;
			children = (
				8B730397268FAF75003D2DB1 /* Model.swift */,
			);
			path = Model;
			sourceTree = "<group>";
		};
		8BC994CC2690CFD100AE2FF2 /*  HomeViews */ = {
			isa = PBXGroup;
			children = (
				8BA8479A268E2A9B00A51DF1 /* CardView.swift */,
				8BA8479C268E352B00A51DF1 /* CardsMainView.swift */,
				8BA8479E268E3D3000A51DF1 /* ButtonsView.swift */,
			);
			path = " HomeViews";
			sourceTree = "<group>";
		};
		8BC994CD2690D00000AE2FF2 /* DetailViews */ = {
			isa = PBXGroup;
			children = (
				8BC994CE2690D01700AE2FF2 /* MainDetailView.swift */,
				8BAADEF126924A650087C141 /*  MiddleView.swift */,
				8BC994D02690D3EE00AE2FF2 /* PagingView.swift */,
			);
			path = DetailViews;
			sourceTree = "<group>";
		};
/* End PBXGroup section */

/* Begin PBXNativeTarget section */
		8B73B66F267BE07B00D44508 /* StoriesPlus */ = {
			isa = PBXNativeTarget;
			buildConfigurationList = 8B73B67E267BE07C00D44508 /* Build configuration list for PBXNativeTarget "StoriesPlus" */;
			buildPhases = (
				8B73B66C267BE07B00D44508 /* Sources */,
				8B73B66D267BE07B00D44508 /* Frameworks */,
				8B73B66E267BE07B00D44508 /* Resources */,
			);
			buildRules = (
			);
			dependencies = (
			);
			name = StoriesPlus;
			productName = StoriesPlus;
			productReference = 8B73B670267BE07B00D44508 /* StoriesPlus.app */;
			productType = "com.apple.product-type.application";
		};
/* End PBXNativeTarget section */

/* Begin PBXProject section */
		8B73B668267BE07B00D44508 /* Project object */ = {
			isa = PBXProject;
			attributes = {
				BuildIndependentTargetsInParallel = 1;
				LastSwiftUpdateCheck = 1300;
				LastUpgradeCheck = 1300;
				TargetAttributes = {
					8B73B66F267BE07B00D44508 = {
						CreatedOnToolsVersion = 13.0;
					};
				};
			};
			buildConfigurationList = 8B73B66B267BE07B00D44508 /* Build configuration list for PBXProject "StoriesPlus" */;
			compatibilityVersion = "Xcode 13.0";
			developmentRegion = en;
			hasScannedForEncodings = 0;
			knownRegions = (
				en,
				Base,
			);
			mainGroup = 8B73B667267BE07B00D44508;
			productRefGroup = 8B73B671267BE07B00D44508 /* Products */;
			projectDirPath = "";
			projectRoot = "";
			targets = (
				8B73B66F267BE07B00D44508 /* StoriesPlus */,
			);
		};
/* End PBXProject section */

/* Begin PBXResourcesBuildPhase section */
		8B73B66E267BE07B00D44508 /* Resources */ = {
			isa = PBXResourcesBuildPhase;
			buildActionMask = 2147483647;
			files = (
				8B73B67B267BE07C00D44508 /* Preview Assets.xcassets in Resources */,
				8B73B678267BE07C00D44508 /* Assets.xcassets in Resources */,
			);
			runOnlyForDeploymentPostprocessing = 0;
		};
/* End PBXResourcesBuildPhase section */

/* Begin PBXSourcesBuildPhase section */
		8B73B66C267BE07B00D44508 /* Sources */ = {
			isa = PBXSourcesBuildPhase;
			buildActionMask = 2147483647;
			files = (
				8B73B676267BE07B00D44508 /* ContentView.swift in Sources */,
				8BC994CF2690D01700AE2FF2 /* MainDetailView.swift in Sources */,
				8BA8479F268E3D3000A51DF1 /* ButtonsView.swift in Sources */,
				8BA8479B268E2A9B00A51DF1 /* CardView.swift in Sources */,
				8BC994D12690D3EE00AE2FF2 /* PagingView.swift in Sources */,
				8B730398268FAF75003D2DB1 /* Model.swift in Sources */,
				8BAADEF226924A650087C141 /*  MiddleView.swift in Sources */,
				8B73B674267BE07B00D44508 /* StoriesPlusApp.swift in Sources */,
				8BA8479D268E352C00A51DF1 /* CardsMainView.swift in Sources */,
			);
			runOnlyForDeploymentPostprocessing = 0;
		};
/* End PBXSourcesBuildPhase section */

/* Begin XCBuildConfiguration section */
		8B73B67C267BE07C00D44508 /* Debug */ = {
			isa = XCBuildConfiguration;
			buildSettings = {
				ALWAYS_SEARCH_USER_PATHS = NO;
				CLANG_ANALYZER_NONNULL = YES;
				CLANG_ANALYZER_NUMBER_OBJECT_CONVERSION = YES_AGGRESSIVE;
				CLANG_CXX_LANGUAGE_STANDARD = "gnu++14";
				CLANG_CXX_LIBRARY = "libc++";
				CLANG_ENABLE_MODULES = YES;
				CLANG_ENABLE_OBJC_ARC = YES;
				CLANG_ENABLE_OBJC_WEAK = YES;
				CLANG_WARN_BLOCK_CAPTURE_AUTORELEASING = YES;
				CLANG_WARN_BOOL_CONVERSION = YES;
				CLANG_WARN_COMMA = YES;
				CLANG_WARN_CONSTANT_CONVERSION = YES;
				CLANG_WARN_DEPRECATED_OBJC_IMPLEMENTATIONS = YES;
				CLANG_WARN_DIRECT_OBJC_ISA_USAGE = YES_ERROR;
				CLANG_WARN_DOCUMENTATION_COMMENTS = YES;
				CLANG_WARN_EMPTY_BODY = YES;
				CLANG_WARN_ENUM_CONVERSION = YES;
				CLANG_WARN_INFINITE_RECURSION = YES;
				CLANG_WARN_INT_CONVERSION = YES;
				CLANG_WARN_NON_LITERAL_NULL_CONVERSION = YES;
				CLANG_WARN_OBJC_IMPLICIT_RETAIN_SELF = YES;
				CLANG_WARN_OBJC_LITERAL_CONVERSION = YES;
				CLANG_WARN_OBJC_ROOT_CLASS = YES_ERROR;
				CLANG_WARN_QUOTED_INCLUDE_IN_FRAMEWORK_HEADER = YES;
				CLANG_WARN_RANGE_LOOP_ANALYSIS = YES;
				CLANG_WARN_STRICT_PROTOTYPES = YES;
				CLANG_WARN_SUSPICIOUS_MOVE = YES;
				CLANG_WARN_UNGUARDED_AVAILABILITY = YES_AGGRESSIVE;
				CLANG_WARN_UNREACHABLE_CODE = YES;
				CLANG_WARN__DUPLICATE_METHOD_MATCH = YES;
				COPY_PHASE_STRIP = NO;
				DEBUG_INFORMATION_FORMAT = dwarf;
				ENABLE_STRICT_OBJC_MSGSEND = YES;
				ENABLE_TESTABILITY = YES;
				GCC_C_LANGUAGE_STANDARD = gnu11;
				GCC_DYNAMIC_NO_PIC = NO;
				GCC_NO_COMMON_BLOCKS = YES;
				GCC_OPTIMIZATION_LEVEL = 0;
				GCC_PREPROCESSOR_DEFINITIONS = (
					"DEBUG=1",
					"$(inherited)",
				);
				GCC_WARN_64_TO_32_BIT_CONVERSION = YES;
				GCC_WARN_ABOUT_RETURN_TYPE = YES_ERROR;
				GCC_WARN_UNDECLARED_SELECTOR = YES;
				GCC_WARN_UNINITIALIZED_AUTOS = YES_AGGRESSIVE;
				GCC_WARN_UNUSED_FUNCTION = YES;
				GCC_WARN_UNUSED_VARIABLE = YES;
				IPHONEOS_DEPLOYMENT_TARGET = 15.0;
				MTL_ENABLE_DEBUG_INFO = INCLUDE_SOURCE;
				MTL_FAST_MATH = YES;
				ONLY_ACTIVE_ARCH = YES;
				SDKROOT = iphoneos;
				SWIFT_ACTIVE_COMPILATION_CONDITIONS = DEBUG;
				SWIFT_OPTIMIZATION_LEVEL = "-Onone";
			};
			name = Debug;
		};
		8B73B67D267BE07C00D44508 /* Release */ = {
			isa = XCBuildConfiguration;
			buildSettings = {
				ALWAYS_SEARCH_USER_PATHS = NO;
				CLANG_ANALYZER_NONNULL = YES;
				CLANG_ANALYZER_NUMBER_OBJECT_CONVERSION = YES_AGGRESSIVE;
				CLANG_CXX_LANGUAGE_STANDARD = "gnu++14";
				CLANG_CXX_LIBRARY = "libc++";
				CLANG_ENABLE_MODULES = YES;
				CLANG_ENABLE_OBJC_ARC = YES;
				CLANG_ENABLE_OBJC_WEAK = YES;
				CLANG_WARN_BLOCK_CAPTURE_AUTORELEASING = YES;
				CLANG_WARN_BOOL_CONVERSION = YES;
				CLANG_WARN_COMMA = YES;
				CLANG_WARN_CONSTANT_CONVERSION = YES;
				CLANG_WARN_DEPRECATED_OBJC_IMPLEMENTATIONS = YES;
				CLANG_WARN_DIRECT_OBJC_ISA_USAGE = YES_ERROR;
				CLANG_WARN_DOCUMENTATION_COMMENTS = YES;
				CLANG_WARN_EMPTY_BODY = YES;
				CLANG_WARN_ENUM_CONVERSION = YES;
				CLANG_WARN_INFINITE_RECURSION = YES;
				CLANG_WARN_INT_CONVERSION = YES;
				CLANG_WARN_NON_LITERAL_NULL_CONVERSION = YES;
				CLANG_WARN_OBJC_IMPLICIT_RETAIN_SELF = YES;
				CLANG_WARN_OBJC_LITERAL_CONVERSION = YES;
				CLANG_WARN_OBJC_ROOT_CLASS = YES_ERROR;
				CLANG_WARN_QUOTED_INCLUDE_IN_FRAMEWORK_HEADER = YES;
				CLANG_WARN_RANGE_LOOP_ANALYSIS = YES;
				CLANG_WARN_STRICT_PROTOTYPES = YES;
				CLANG_WARN_SUSPICIOUS_MOVE = YES;
				CLANG_WARN_UNGUARDED_AVAILABILITY = YES_AGGRESSIVE;
				CLANG_WARN_UNREACHABLE_CODE = YES;
				CLANG_WARN__DUPLICATE_METHOD_MATCH = YES;
				COPY_PHASE_STRIP = NO;
				DEBUG_INFORMATION_FORMAT = "dwarf-with-dsym";
				ENABLE_NS_ASSERTIONS = NO;
				ENABLE_STRICT_OBJC_MSGSEND = YES;
				GCC_C_LANGUAGE_STANDARD = gnu11;
				GCC_NO_COMMON_BLOCKS = YES;
				GCC_WARN_64_TO_32_BIT_CONVERSION = YES;
				GCC_WARN_ABOUT_RETURN_TYPE = YES_ERROR;
				GCC_WARN_UNDECLARED_SELECTOR = YES;
				GCC_WARN_UNINITIALIZED_AUTOS = YES_AGGRESSIVE;
				GCC_WARN_UNUSED_FUNCTION = YES;
				GCC_WARN_UNUSED_VARIABLE = YES;
				IPHONEOS_DEPLOYMENT_TARGET = 15.0;
				MTL_ENABLE_DEBUG_INFO = NO;
				MTL_FAST_MATH = YES;
				SDKROOT = iphoneos;
				SWIFT_COMPILATION_MODE = wholemodule;
				SWIFT_OPTIMIZATION_LEVEL = "-O";
				VALIDATE_PRODUCT = YES;
			};
			name = Release;
		};
		8B73B67F267BE07C00D44508 /* Debug */ = {
			isa = XCBuildConfiguration;
			buildSettings = {
				ASSETCATALOG_COMPILER_APPICON_NAME = AppIcon;
				ASSETCATALOG_COMPILER_GLOBAL_ACCENT_COLOR_NAME = AccentColor;
				CODE_SIGN_STYLE = Automatic;
				CURRENT_PROJECT_VERSION = 1;
				DEVELOPMENT_ASSET_PATHS = "\"StoriesPlus/Preview Content\"";
				ENABLE_PREVIEWS = YES;
				GENERATE_INFOPLIST_FILE = YES;
				INFOPLIST_KEY_UIApplicationSceneManifest_Generation = YES;
				INFOPLIST_KEY_UIApplicationSupportsIndirectInputEvents = YES;
				INFOPLIST_KEY_UILaunchScreen_Generation = YES;
				INFOPLIST_KEY_UISupportedInterfaceOrientations_iPad = "UIInterfaceOrientationPortrait UIInterfaceOrientationPortraitUpsideDown UIInterfaceOrientationLandscapeLeft UIInterfaceOrientationLandscapeRight";
				INFOPLIST_KEY_UISupportedInterfaceOrientations_iPhone = "UIInterfaceOrientationPortrait UIInterfaceOrientationLandscapeLeft UIInterfaceOrientationLandscapeRight";
				IPHONEOS_DEPLOYMENT_TARGET = 14.0;
				LD_RUNPATH_SEARCH_PATHS = (
					"$(inherited)",
					"@executable_path/Frameworks",
				);
				MARKETING_VERSION = 1.0;
				PRODUCT_BUNDLE_IDENTIFIER = com.andrejkling.StoriesPlus;
				PRODUCT_NAME = "$(TARGET_NAME)";
				SWIFT_EMIT_LOC_STRINGS = YES;
				SWIFT_VERSION = 5.0;
				TARGETED_DEVICE_FAMILY = "1,2";
			};
			name = Debug;
		};
		8B73B680267BE07C00D44508 /* Release */ = {
			isa = XCBuildConfiguration;
			buildSettings = {
				ASSETCATALOG_COMPILER_APPICON_NAME = AppIcon;
				ASSETCATALOG_COMPILER_GLOBAL_ACCENT_COLOR_NAME = AccentColor;
				CODE_SIGN_STYLE = Automatic;
				CURRENT_PROJECT_VERSION = 1;
				DEVELOPMENT_ASSET_PATHS = "\"StoriesPlus/Preview Content\"";
				ENABLE_PREVIEWS = YES;
				GENERATE_INFOPLIST_FILE = YES;
				INFOPLIST_KEY_UIApplicationSceneManifest_Generation = YES;
				INFOPLIST_KEY_UIApplicationSupportsIndirectInputEvents = YES;
				INFOPLIST_KEY_UILaunchScreen_Generation = YES;
				INFOPLIST_KEY_UISupportedInterfaceOrientations_iPad = "UIInterfaceOrientationPortrait UIInterfaceOrientationPortraitUpsideDown UIInterfaceOrientationLandscapeLeft UIInterfaceOrientationLandscapeRight";
				INFOPLIST_KEY_UISupportedInterfaceOrientations_iPhone = "UIInterfaceOrientationPortrait UIInterfaceOrientationLandscapeLeft UIInterfaceOrientationLandscapeRight";
				IPHONEOS_DEPLOYMENT_TARGET = 14.0;
				LD_RUNPATH_SEARCH_PATHS = (
					"$(inherited)",
					"@executable_path/Frameworks",
				);
				MARKETING_VERSION = 1.0;
				PRODUCT_BUNDLE_IDENTIFIER = com.andrejkling.StoriesPlus;
				PRODUCT_NAME = "$(TARGET_NAME)";
				SWIFT_EMIT_LOC_STRINGS = YES;
				SWIFT_VERSION = 5.0;
				TARGETED_DEVICE_FAMILY = "1,2";
			};
			name = Release;
		};
/* End XCBuildConfiguration section */

/* Begin XCConfigurationList section */
		8B73B66B267BE07B00D44508 /* Build configuration list for PBXProject "StoriesPlus" */ = {
			isa = XCConfigurationList;
			buildConfigurations = (
				8B73B67C267BE07C00D44508 /* Debug */,
				8B73B67D267BE07C00D44508 /* Release */,
			);
			defaultConfigurationIsVisible = 0;
			defaultConfigurationName = Release;
		};
		8B73B67E267BE07C00D44508 /* Build configuration list for PBXNativeTarget "StoriesPlus" */ = {
			isa = XCConfigurationList;
			buildConfigurations = (
				8B73B67F267BE07C00D44508 /* Debug */,
				8B73B680267BE07C00D44508 /* Release */,
			);
			defaultConfigurationIsVisible = 0;
			defaultConfigurationName = Release;
		};
/* End XCConfigurationList section */
	};
	rootObject = 8B73B668267BE07B00D44508 /* Project object */;
}
